PODS:
  - Alamofire (4.7.3)
  - DCAnimationKit (0.0.6)
  - FLAnimatedImage (1.0.12)
  - GoogleMaps (2.7.0):
    - GoogleMaps/Maps (= 2.7.0)
  - GoogleMaps/Base (2.7.0)
  - GoogleMaps/Maps (2.7.0):
    - GoogleMaps/Base
  - GooglePlaces (2.7.0):
    - GoogleMaps/Base (= 2.7.0)
  - MaterialComponents/Buttons (59.1.1):
    - MaterialComponents/Ink
    - MaterialComponents/private/Math
    - MaterialComponents/private/Shapes
    - MaterialComponents/ShadowElevations
    - MaterialComponents/ShadowLayer
    - MaterialComponents/Typography
    - MDFInternationalization
    - MDFTextAccessibility
  - "MaterialComponents/Buttons+ButtonThemer (59.1.1)":
    - MaterialComponents/Buttons
    - "MaterialComponents/Buttons+ColorThemer"
    - "MaterialComponents/Buttons+TypographyThemer"
  - "MaterialComponents/Buttons+ColorThemer (59.1.1)":
    - MaterialComponents/Buttons
    - MaterialComponents/schemes/Color
  - "MaterialComponents/Buttons+TypographyThemer (59.1.1)":
    - MaterialComponents/Buttons
    - MaterialComponents/schemes/Typography
  - MaterialComponents/Cards (59.1.1):
    - MaterialComponents/Ink
    - MaterialComponents/private/Icons/ic_check_circle
    - MaterialComponents/private/Math
    - MaterialComponents/private/Shapes
    - MaterialComponents/ShadowLayer
  - "MaterialComponents/Cards+ColorThemer (59.1.1)":
    - MaterialComponents/Cards
    - MaterialComponents/schemes/Color
  - MaterialComponents/Ink (59.1.1):
    - MaterialComponents/private/Math
  - MaterialComponents/Palettes (59.1.1)
  - MaterialComponents/private/Application (59.1.1)
  - MaterialComponents/private/Icons/Base (59.1.1)
  - MaterialComponents/private/Icons/ic_check_circle (59.1.1):
    - MaterialComponents/private/Icons/Base
  - MaterialComponents/private/Math (59.1.1)
  - MaterialComponents/private/Shapes (59.1.1):
    - MaterialComponents/private/Math
    - MaterialComponents/ShadowLayer
  - MaterialComponents/schemes/Color (59.1.1)
  - MaterialComponents/schemes/Typography (59.1.1)
  - MaterialComponents/ShadowElevations (59.1.1)
  - MaterialComponents/ShadowLayer (59.1.1):
    - MaterialComponents/ShadowElevations
  - MaterialComponents/Typography (59.1.1):
    - MaterialComponents/private/Application
    - MaterialComponents/private/Math
  - MDFInternationalization (1.0.4)
  - MDFTextAccessibility (1.2.0)
  - Motion (1.4.3):
    - Motion/Core (= 1.4.3)
  - Motion/Core (1.4.3)
  - NYTPhotoViewer (2.0.0):
    - NYTPhotoViewer/AnimatedGifSupport (= 2.0.0)
    - NYTPhotoViewer/Core (= 2.0.0)
  - NYTPhotoViewer/AnimatedGifSupport (2.0.0):
    - FLAnimatedImage (~> 1.0.12)
    - NYTPhotoViewer/Core
  - NYTPhotoViewer/Core (2.0.0)

DEPENDENCIES:
  - Alamofire (~> 4.7)
  - DCAnimationKit
  - GoogleMaps
  - GooglePlaces
  - MaterialComponents/Buttons
  - "MaterialComponents/Buttons+ButtonThemer"
  - "MaterialComponents/Buttons+ColorThemer"
  - "MaterialComponents/Buttons+TypographyThemer"
  - MaterialComponents/Cards
  - "MaterialComponents/Cards+ColorThemer"
  - MaterialComponents/Palettes
  - Motion (~> 1.0)
  - NYTPhotoViewer

SPEC REPOS:
  https://github.com/cocoapods/specs.git:
    - Alamofire
    - DCAnimationKit
    - FLAnimatedImage
    - GoogleMaps
    - GooglePlaces
    - MaterialComponents
    - MDFInternationalization
    - MDFTextAccessibility
    - Motion
    - NYTPhotoViewer

SPEC CHECKSUMS:
  Alamofire: c7287b6e5d7da964a70935e5db17046b7fde6568
  DCAnimationKit: 7133bef877ce1aa113dcfeea1380ca67f91f7608
  FLAnimatedImage: 4a0b56255d9b05f18b6dd7ee06871be5d3b89e31
  GoogleMaps: f79af95cb24d869457b1f961c93d3ce8b2f3b848
  GooglePlaces: 3d06e6c99654545b4738ce49648745779c25f2ef
  MaterialComponents: 9ba063439c19dd92b3489bc2c4e428f2abaced65
  MDFInternationalization: e355b0cebecf53d60233bd267084e49366c82513
  MDFTextAccessibility: 94098925e0853551c5a311ce7c1ecefbe297cdb6
  Motion: 153ba49692997888556c7a95207278a8b1f8be95
  NYTPhotoViewer: 34b8bd6bcc297466adec1668f9a01249d73c90e6

PODFILE CHECKSUM: 36dfd5595ffca992ad05051b82676536a53bc03f

COCOAPODS: 1.5.3
